{
    "doctrine/annotations": {
        "version": "1.0",
        "recipe": {
            "repo": "github.com/symfony/recipes",
            "branch": "master",
            "version": "1.0",
            "ref": "a2759dd6123694c8d901d0ec80006e044c2e6457"
        },
        "files": [
            "./config/routes/annotations.yaml"
        ]
    },
    "doctrine/cache": {
        "version": "1.10.0"
    },
    "doctrine/lexer": {
        "version": "1.2.0"
    },
    "ecodev/graphql-upload": {
        "version": "4.0.0"
    },
    "mouf/classname-mapper": {
        "version": "v1.0.2"
    },
    "nelmio/cors-bundle": {
        "version": "1.5",
        "recipe": {
            "repo": "github.com/symfony/recipes",
            "branch": "master",
            "version": "1.5",
            "ref": "6388de23860284db9acce0a7a5d9d13153bcb571"
        },
        "files": [
            "./config/packages/nelmio_cors.yaml"
        ]
    },
    "nyholm/psr7": {
        "version": "1.0",
        "recipe": {
            "repo": "github.com/symfony/recipes",
            "branch": "master",
            "version": "1.0",
            "ref": "7c0a9352a57376f04f5444e74565102c3a23d0c7"
        },
        "files": [
            "./config/packages/nyholm_psr7.yaml"
        ]
    },
    "ocramius/package-versions": {
        "version": "1.4.2"
    },
    "overblog/graphiql-bundle": {
        "version": "0.1",
        "recipe": {
            "repo": "github.com/symfony/recipes-contrib",
            "branch": "master",
            "version": "0.1",
            "ref": "fe8d172f2480efc598f5a8be0e732656d3594cec"
        },
        "files": [
            "./config/routes/dev/graphiql.yaml"
        ]
    },
    "php": {
        "version": "7.2"
    },
    "php-http/message-factory": {
        "version": "v1.0.2"
    },
    "psr/http-factory": {
        "version": "1.0.1"
    },
    "psr/http-message": {
        "version": "1.0.1"
    },
    "psr/http-server-handler": {
        "version": "1.0.1"
    },
    "psr/http-server-middleware": {
        "version": "1.0.1"
    },
    "psr/simple-cache": {
        "version": "1.0.1"
    },
    "symfony/expression-language": {
        "version": "v4.4.4"
    },
    "symfony/flex": {
        "version": "1.0",
        "recipe": {
            "repo": "github.com/symfony/recipes",
            "branch": "master",
            "version": "1.0",
            "ref": "c0eeb50665f0f77226616b6038a9b06c03752d8e"
        },
        "files": [
            "./.env"
        ]
    },
    "symfony/psr-http-message-bridge": {
        "version": "v1.3.0"
    },
    "symfony/security-core": {
        "version": "v4.4.4"
    },
    "symfony/translation": {
        "version": "3.3",
        "recipe": {
            "repo": "github.com/symfony/recipes",
            "branch": "master",
            "version": "3.3",
            "ref": "2ad9d2545bce8ca1a863e50e92141f0b9d87ffcd"
        },
        "files": [
            "./config/packages/translation.yaml",
            "./translations/.gitignore"
        ]
    },
    "symfony/translation-contracts": {
        "version": "v1.1.7"
    },
    "symfony/twig-bridge": {
        "version": "v4.4.4"
    },
    "symfony/twig-bundle": {
        "version": "4.4",
        "recipe": {
            "repo": "github.com/symfony/recipes",
            "branch": "master",
            "version": "4.4",
            "ref": "15a41bbd66a1323d09824a189b485c126bbefa51"
        },
        "files": [
            "./config/packages/test/twig.yaml",
            "./config/packages/twig.yaml",
            "./templates/base.html.twig"
        ]
    },
    "symfony/validator": {
        "version": "4.3",
        "recipe": {
            "repo": "github.com/symfony/recipes",
            "branch": "master",
            "version": "4.3",
            "ref": "d902da3e4952f18d3bf05aab29512eb61cabd869"
        },
        "files": [
            "./config/packages/test/validator.yaml",
            "./config/packages/validator.yaml"
        ]
    },
    "thecodingmachine/cache-utils": {
        "version": "v1.0.0"
    },
    "thecodingmachine/class-explorer": {
        "version": "v1.1.0"
    },
    "thecodingmachine/graphqlite": {
        "version": "v4.0.2"
    },
    "thecodingmachine/graphqlite-bundle": {
        "version": "4.0",
        "recipe": {
            "repo": "github.com/symfony/recipes-contrib",
            "branch": "master",
            "version": "4.0",
            "ref": "e84cdb9b5bd570cb17ca845b6f9fd6101f637a6d"
        }
    },
    "thecodingmachine/graphqlite-symfony-validator-bridge": {
        "version": "v4.0.0"
    },
    "twig/twig": {
        "version": "v2.12.3"
    },
    "webonyx/graphql-php": {
        "version": "v0.13.8"
    },
    "zendframework/zend-diactoros": {
        "version": "1.8.7"
    }
}
